
Microsoft Visual Studio Solution File, Format Version 12.00
# Visual Studio Version 16
VisualStudioVersion = 16.0.31727.386
MinimumVisualStudioVersion = 10.0.40219.1
Project("{FAE04EC0-301F-11D3-BF4B-00C04F79EFBC}") = "Eps", "Eps.csproj", "{D0AE4733-3D64-4AA8-A5F1-22341B92F741}"
EndProject
Project("{FAE04EC0-301F-11D3-BF4B-00C04F79EFBC}") = "Entity", "Entity\Entity.csproj", "{05FDBEE4-F979-49ED-8EE7-BCDC0F04EAA7}"
EndProject
Project("{FAE04EC0-301F-11D3-BF4B-00C04F79EFBC}") = "Data", "Data\Data.csproj", "{7D8939B7-D259-4639-AC5F-458F61F33CC2}"
EndProject
Project("{FAE04EC0-301F-11D3-BF4B-00C04F79EFBC}") = "Prueba", "Prueba\Prueba.csproj", "{32A6AE67-4371-462D-9F5F-2D2821A84C30}"
EndProject
Global
	GlobalSection(SolutionConfigurationPlatforms) = preSolution
		Debug|Any CPU = Debug|Any CPU
		Release|Any CPU = Release|Any CPU
	EndGlobalSection
	GlobalSection(ProjectConfigurationPlatforms) = postSolution
		{D0AE4733-3D64-4AA8-A5F1-22341B92F741}.Debug|Any CPU.ActiveCfg = Debug|Any CPU
		{D0AE4733-3D64-4AA8-A5F1-22341B92F741}.Debug|Any CPU.Build.0 = Debug|Any CPU
		{D0AE4733-3D64-4AA8-A5F1-22341B92F741}.Release|Any CPU.ActiveCfg = Release|Any CPU
		{D0AE4733-3D64-4AA8-A5F1-22341B92F741}.Release|Any CPU.Build.0 = Release|Any CPU
		{05FDBEE4-F979-49ED-8EE7-BCDC0F04EAA7}.Debug|Any CPU.ActiveCfg = Debug|Any CPU
		{05FDBEE4-F979-49ED-8EE7-BCDC0F04EAA7}.Debug|Any CPU.Build.0 = Debug|Any CPU
		{05FDBEE4-F979-49ED-8EE7-BCDC0F04EAA7}.Release|Any CPU.ActiveCfg = Release|Any CPU
		{05FDBEE4-F979-49ED-8EE7-BCDC0F04EAA7}.Release|Any CPU.Build.0 = Release|Any CPU
		{7D8939B7-D259-4639-AC5F-458F61F33CC2}.Debug|Any CPU.ActiveCfg = Debug|Any CPU
		{7D8939B7-D259-4639-AC5F-458F61F33CC2}.Debug|Any CPU.Build.0 = Debug|Any CPU
		{7D8939B7-D259-4639-AC5F-458F61F33CC2}.Release|Any CPU.ActiveCfg = Release|Any CPU
		{7D8939B7-D259-4639-AC5F-458F61F33CC2}.Release|Any CPU.Build.0 = Release|Any CPU
		{32A6AE67-4371-462D-9F5F-2D2821A84C30}.Debug|Any CPU.ActiveCfg = Debug|Any CPU
		{32A6AE67-4371-462D-9F5F-2D2821A84C30}.Debug|Any CPU.Build.0 = Debug|Any CPU
		{32A6AE67-4371-462D-9F5F-2D2821A84C30}.Release|Any CPU.ActiveCfg = Release|Any CPU
		{32A6AE67-4371-462D-9F5F-2D2821A84C30}.Release|Any CPU.Build.0 = Release|Any CPU
	EndGlobalSection
	GlobalSection(SolutionProperties) = preSolution
		HideSolutionNode = FALSE
	EndGlobalSection
	GlobalSection(ExtensibilityGlobals) = postSolution
		SolutionGuid = {3D88B2AA-EDA1-4094-AE7B-9461A491267B}
	EndGlobalSection
EndGlobal
